
Microsoft Visual Studio Solution File, Format Version 12.00
# Visual Studio Version 17
VisualStudioVersion = 17.13.35825.156
MinimumVisualStudioVersion = 10.0.40219.1
Project("{FAE04EC0-301F-11D3-BF4B-00C04F79EFBC}") = "TestingGround", "TestingGround\TestingGround.csproj", "{3A845697-B5BC-4F5D-AF38-CEB1348565CD}"
EndProject
Project("{FAE04EC0-301F-11D3-BF4B-00C04F79EFBC}") = "UnitTests", "UnitTests\UnitTests.csproj", "{38AB3CDA-B22A-42B8-82DD-D0E400CA2A5A}"
EndProject
Global
	GlobalSection(SolutionConfigurationPlatforms) = preSolution
		Debug|Any CPU = Debug|Any CPU
		Release|Any CPU = Release|Any CPU
	EndGlobalSection
	GlobalSection(ProjectConfigurationPlatforms) = postSolution
		{3A845697-B5BC-4F5D-AF38-CEB1348565CD}.Debug|Any CPU.ActiveCfg = Debug|Any CPU
		{3A845697-B5BC-4F5D-AF38-CEB1348565CD}.Debug|Any CPU.Build.0 = Debug|Any CPU
		{3A845697-B5BC-4F5D-AF38-CEB1348565CD}.Release|Any CPU.ActiveCfg = Release|Any CPU
		{3A845697-B5BC-4F5D-AF38-CEB1348565CD}.Release|Any CPU.Build.0 = Release|Any CPU
		{38AB3CDA-B22A-42B8-82DD-D0E400CA2A5A}.Debug|Any CPU.ActiveCfg = Debug|Any CPU
		{38AB3CDA-B22A-42B8-82DD-D0E400CA2A5A}.Debug|Any CPU.Build.0 = Debug|Any CPU
		{38AB3CDA-B22A-42B8-82DD-D0E400CA2A5A}.Release|Any CPU.ActiveCfg = Release|Any CPU
		{38AB3CDA-B22A-42B8-82DD-D0E400CA2A5A}.Release|Any CPU.Build.0 = Release|Any CPU
	EndGlobalSection
	GlobalSection(SolutionProperties) = preSolution
		HideSolutionNode = FALSE
	EndGlobalSection
	GlobalSection(ExtensibilityGlobals) = postSolution
		SolutionGuid = {2704350D-8210-4719-A932-12E5F57201EE}
	EndGlobalSection
EndGlobal
